{
  "requires": true,
  "lockfileVersion": 1,
  "dependencies": {
    "react-hook-form": {
      "version": "6.8.6",
      "resolved": "https://registry.npmjs.org/react-hook-form/-/react-hook-form-6.8.6.tgz",
      "integrity": "sha512-ZCp7Y+IrlsQma08uy3H6l/qF7dZWqAWMkZ4vVbHVfh1EHjsO1SwU7aYVHgJSQpriHtEdGszCW8NS/aujGsLk0g=="
    }
  }
}
